
Microsoft Visual Studio Solution File, Format Version 12.00
# Visual Studio Version 17
VisualStudioVersion = 17.5.33516.290
MinimumVisualStudioVersion = 10.0.40219.1
Project("{FAE04EC0-301F-11D3-BF4B-00C04F79EFBC}") = "Robot", "Robot\Robot.csproj", "{F34AD64A-E9B5-4E85-9B76-FC9D349B59D3}"
EndProject
Global
	GlobalSection(SolutionConfigurationPlatforms) = preSolution
		Debug|Any CPU = Debug|Any CPU
		Release|Any CPU = Release|Any CPU
	EndGlobalSection
	GlobalSection(ProjectConfigurationPlatforms) = postSolution
		{F34AD64A-E9B5-4E85-9B76-FC9D349B59D3}.Debug|Any CPU.ActiveCfg = Debug|Any CPU
		{F34AD64A-E9B5-4E85-9B76-FC9D349B59D3}.Debug|Any CPU.Build.0 = Debug|Any CPU
		{F34AD64A-E9B5-4E85-9B76-FC9D349B59D3}.Release|Any CPU.ActiveCfg = Release|Any CPU
		{F34AD64A-E9B5-4E85-9B76-FC9D349B59D3}.Release|Any CPU.Build.0 = Release|Any CPU
	EndGlobalSection
	GlobalSection(SolutionProperties) = preSolution
		HideSolutionNode = FALSE
	EndGlobalSection
	GlobalSection(ExtensibilityGlobals) = postSolution
		SolutionGuid = {EE011CAF-8FAF-4D77-90C6-412ADE2EEB12}
	EndGlobalSection
EndGlobal
